
Microsoft Visual Studio Solution File, Format Version 12.00
# Visual Studio Version 16
VisualStudioVersion = 16.0.810.19
MinimumVisualStudioVersion = 10.0.40219.1
Project("{FAE04EC0-301F-11D3-BF4B-00C04F79EFBC}") = "Activity5", "Activity5\Activity5.csproj", "{1CA0BFCA-0DAD-4748-8C8F-04827E6AB89D}"
EndProject
Global
	GlobalSection(SolutionConfigurationPlatforms) = preSolution
		Debug|Any CPU = Debug|Any CPU
		Release|Any CPU = Release|Any CPU
	EndGlobalSection
	GlobalSection(ProjectConfigurationPlatforms) = postSolution
		{1CA0BFCA-0DAD-4748-8C8F-04827E6AB89D}.Debug|Any CPU.ActiveCfg = Debug|Any CPU
		{1CA0BFCA-0DAD-4748-8C8F-04827E6AB89D}.Debug|Any CPU.Build.0 = Debug|Any CPU
		{1CA0BFCA-0DAD-4748-8C8F-04827E6AB89D}.Release|Any CPU.ActiveCfg = Release|Any CPU
		{1CA0BFCA-0DAD-4748-8C8F-04827E6AB89D}.Release|Any CPU.Build.0 = Release|Any CPU
	EndGlobalSection
	GlobalSection(SolutionProperties) = preSolution
		HideSolutionNode = FALSE
	EndGlobalSection
	GlobalSection(ExtensibilityGlobals) = postSolution
		SolutionGuid = {F8224FAA-98CC-4674-9A1A-E925E1AE0ABD}
	EndGlobalSection
EndGlobal
